
Microsoft Visual Studio Solution File, Format Version 12.00
# Visual Studio Version 16
VisualStudioVersion = 16.0.29609.76
MinimumVisualStudioVersion = 10.0.40219.1
Project("{FAE04EC0-301F-11D3-BF4B-00C04F79EFBC}") = "HR Sharepoint App", "src\HR Solution - RiscMiriaSys\HR Sharepoint App.csproj", "{C542250D-27F3-44D8-AA3E-3FB310F4AFC3}"
EndProject
Project("{FAE04EC0-301F-11D3-BF4B-00C04F79EFBC}") = "HR - Web", "src\HRWeb\HR - Web.csproj", "{B1F46D22-B03A-4FE8-998A-A7EE1222C955}"
EndProject
Project("{2150E333-8FDC-42A3-9474-1A3956D46DE8}") = "Core", "Core", "{331B1035-4DB1-4F8E-B172-125C8F79EEA0}"
EndProject
Project("{2150E333-8FDC-42A3-9474-1A3956D46DE8}") = "Data", "Data", "{8FA3E8CE-6F80-42D3-B5B0-CAB8133D981C}"
EndProject
Project("{2150E333-8FDC-42A3-9474-1A3956D46DE8}") = "Application", "Application", "{6AAE931F-3330-4214-9417-C835AE723813}"
EndProject
Project("{FAE04EC0-301F-11D3-BF4B-00C04F79EFBC}") = "Application", "src\Core\Application\Application\Application.csproj", "{F1534436-7ABC-4D67-B6B6-E6978E60FE4E}"
EndProject
Project("{FAE04EC0-301F-11D3-BF4B-00C04F79EFBC}") = "Data", "src\Core\Data\Data\Data.csproj", "{4EFC8DB6-37A2-4249-85E2-9D9A7530EAC5}"
EndProject
Project("{2150E333-8FDC-42A3-9474-1A3956D46DE8}") = "Shared", "Shared", "{B0665085-F12E-41FF-B782-328AC736B95F}"
EndProject
Project("{2150E333-8FDC-42A3-9474-1A3956D46DE8}") = "Infrasctructure", "Infrasctructure", "{C7B7024A-AB97-4897-B2C6-CDE97C5A58F1}"
EndProject
Project("{FAE04EC0-301F-11D3-BF4B-00C04F79EFBC}") = "SharedKernel", "src\Core\SharedKernel\SharedKernel.csproj", "{AAEE7517-4900-4AC9-B17A-A60D0905943C}"
EndProject
Project("{FAE04EC0-301F-11D3-BF4B-00C04F79EFBC}") = "Infrastructure.DI", "src\Core\Infrastructure.DI\Infrastructure.DI.csproj", "{BB6AB1D3-169D-4D88-81AE-6430EB4BF906}"
EndProject
Global
	GlobalSection(SolutionConfigurationPlatforms) = preSolution
		Debug|Any CPU = Debug|Any CPU
		Release|Any CPU = Release|Any CPU
	EndGlobalSection
	GlobalSection(ProjectConfigurationPlatforms) = postSolution
		{C542250D-27F3-44D8-AA3E-3FB310F4AFC3}.Debug|Any CPU.ActiveCfg = Debug|Any CPU
		{C542250D-27F3-44D8-AA3E-3FB310F4AFC3}.Debug|Any CPU.Build.0 = Debug|Any CPU
		{C542250D-27F3-44D8-AA3E-3FB310F4AFC3}.Debug|Any CPU.Deploy.0 = Debug|Any CPU
		{C542250D-27F3-44D8-AA3E-3FB310F4AFC3}.Release|Any CPU.ActiveCfg = Release|Any CPU
		{C542250D-27F3-44D8-AA3E-3FB310F4AFC3}.Release|Any CPU.Build.0 = Release|Any CPU
		{C542250D-27F3-44D8-AA3E-3FB310F4AFC3}.Release|Any CPU.Deploy.0 = Release|Any CPU
		{B1F46D22-B03A-4FE8-998A-A7EE1222C955}.Debug|Any CPU.ActiveCfg = Debug|Any CPU
		{B1F46D22-B03A-4FE8-998A-A7EE1222C955}.Debug|Any CPU.Build.0 = Debug|Any CPU
		{B1F46D22-B03A-4FE8-998A-A7EE1222C955}.Release|Any CPU.ActiveCfg = Release|Any CPU
		{B1F46D22-B03A-4FE8-998A-A7EE1222C955}.Release|Any CPU.Build.0 = Release|Any CPU
		{F1534436-7ABC-4D67-B6B6-E6978E60FE4E}.Debug|Any CPU.ActiveCfg = Debug|Any CPU
		{F1534436-7ABC-4D67-B6B6-E6978E60FE4E}.Debug|Any CPU.Build.0 = Debug|Any CPU
		{F1534436-7ABC-4D67-B6B6-E6978E60FE4E}.Release|Any CPU.ActiveCfg = Release|Any CPU
		{F1534436-7ABC-4D67-B6B6-E6978E60FE4E}.Release|Any CPU.Build.0 = Release|Any CPU
		{4EFC8DB6-37A2-4249-85E2-9D9A7530EAC5}.Debug|Any CPU.ActiveCfg = Debug|Any CPU
		{4EFC8DB6-37A2-4249-85E2-9D9A7530EAC5}.Debug|Any CPU.Build.0 = Debug|Any CPU
		{4EFC8DB6-37A2-4249-85E2-9D9A7530EAC5}.Release|Any CPU.ActiveCfg = Release|Any CPU
		{4EFC8DB6-37A2-4249-85E2-9D9A7530EAC5}.Release|Any CPU.Build.0 = Release|Any CPU
		{AAEE7517-4900-4AC9-B17A-A60D0905943C}.Debug|Any CPU.ActiveCfg = Debug|Any CPU
		{AAEE7517-4900-4AC9-B17A-A60D0905943C}.Debug|Any CPU.Build.0 = Debug|Any CPU
		{AAEE7517-4900-4AC9-B17A-A60D0905943C}.Release|Any CPU.ActiveCfg = Release|Any CPU
		{AAEE7517-4900-4AC9-B17A-A60D0905943C}.Release|Any CPU.Build.0 = Release|Any CPU
		{BB6AB1D3-169D-4D88-81AE-6430EB4BF906}.Debug|Any CPU.ActiveCfg = Debug|Any CPU
		{BB6AB1D3-169D-4D88-81AE-6430EB4BF906}.Debug|Any CPU.Build.0 = Debug|Any CPU
		{BB6AB1D3-169D-4D88-81AE-6430EB4BF906}.Release|Any CPU.ActiveCfg = Release|Any CPU
		{BB6AB1D3-169D-4D88-81AE-6430EB4BF906}.Release|Any CPU.Build.0 = Release|Any CPU
	EndGlobalSection
	GlobalSection(SolutionProperties) = preSolution
		HideSolutionNode = FALSE
	EndGlobalSection
	GlobalSection(NestedProjects) = preSolution
		{8FA3E8CE-6F80-42D3-B5B0-CAB8133D981C} = {331B1035-4DB1-4F8E-B172-125C8F79EEA0}
		{6AAE931F-3330-4214-9417-C835AE723813} = {331B1035-4DB1-4F8E-B172-125C8F79EEA0}
		{F1534436-7ABC-4D67-B6B6-E6978E60FE4E} = {6AAE931F-3330-4214-9417-C835AE723813}
		{4EFC8DB6-37A2-4249-85E2-9D9A7530EAC5} = {8FA3E8CE-6F80-42D3-B5B0-CAB8133D981C}
		{B0665085-F12E-41FF-B782-328AC736B95F} = {331B1035-4DB1-4F8E-B172-125C8F79EEA0}
		{C7B7024A-AB97-4897-B2C6-CDE97C5A58F1} = {331B1035-4DB1-4F8E-B172-125C8F79EEA0}
		{AAEE7517-4900-4AC9-B17A-A60D0905943C} = {B0665085-F12E-41FF-B782-328AC736B95F}
		{BB6AB1D3-169D-4D88-81AE-6430EB4BF906} = {C7B7024A-AB97-4897-B2C6-CDE97C5A58F1}
	EndGlobalSection
	GlobalSection(ExtensibilityGlobals) = postSolution
		SolutionGuid = {71A7A9B2-B13C-44C6-9275-895A58C716E5}
	EndGlobalSection
EndGlobal
